
Microsoft Visual Studio Solution File, Format Version 12.00
# Visual Studio Version 17
VisualStudioVersion = 17.7.34003.232
MinimumVisualStudioVersion = 10.0.40219.1
Project("{8BC9CEB8-8B4A-11D0-8D11-00A0C91BC942}") = "c_test23_9", "c_test23_9.vcxproj", "{2E4049E5-89E5-4A91-8F66-B97668BCCB62}"
EndProject
Global
	GlobalSection(SolutionConfigurationPlatforms) = preSolution
		Debug|x64 = Debug|x64
		Debug|x86 = Debug|x86
		Release|x64 = Release|x64
		Release|x86 = Release|x86
	EndGlobalSection
	GlobalSection(ProjectConfigurationPlatforms) = postSolution
		{2E4049E5-89E5-4A91-8F66-B97668BCCB62}.Debug|x64.ActiveCfg = Debug|x64
		{2E4049E5-89E5-4A91-8F66-B97668BCCB62}.Debug|x64.Build.0 = Debug|x64
		{2E4049E5-89E5-4A91-8F66-B97668BCCB62}.Debug|x86.ActiveCfg = Debug|Win32
		{2E4049E5-89E5-4A91-8F66-B97668BCCB62}.Debug|x86.Build.0 = Debug|Win32
		{2E4049E5-89E5-4A91-8F66-B97668BCCB62}.Release|x64.ActiveCfg = Release|x64
		{2E4049E5-89E5-4A91-8F66-B97668BCCB62}.Release|x64.Build.0 = Release|x64
		{2E4049E5-89E5-4A91-8F66-B97668BCCB62}.Release|x86.ActiveCfg = Release|Win32
		{2E4049E5-89E5-4A91-8F66-B97668BCCB62}.Release|x86.Build.0 = Release|Win32
	EndGlobalSection
	GlobalSection(SolutionProperties) = preSolution
		HideSolutionNode = FALSE
	EndGlobalSection
	GlobalSection(ExtensibilityGlobals) = postSolution
		SolutionGuid = {6E70D4D5-9A9A-4407-B718-3680BA5A694C}
	EndGlobalSection
EndGlobal
